
Microsoft Visual Studio Solution File, Format Version 12.00
# Visual Studio Version 17
VisualStudioVersion = 17.10.35122.118
MinimumVisualStudioVersion = 10.0.40219.1
Project("{888888A0-9F3D-457C-B088-3A5042F75D52}") = "Novelpia Download Helper", "Novelpia Download Helper\Novelpia Download Helper.pyproj", "{1FC59C18-65EC-4406-97A8-2C80C4820AA6}"
EndProject
Global
	GlobalSection(SolutionConfigurationPlatforms) = preSolution
		Debug|Any CPU = Debug|Any CPU
		Release|Any CPU = Release|Any CPU
	EndGlobalSection
	GlobalSection(ProjectConfigurationPlatforms) = postSolution
		{1FC59C18-65EC-4406-97A8-2C80C4820AA6}.Debug|Any CPU.ActiveCfg = Debug|Any CPU
		{1FC59C18-65EC-4406-97A8-2C80C4820AA6}.Release|Any CPU.ActiveCfg = Release|Any CPU
	EndGlobalSection
	GlobalSection(SolutionProperties) = preSolution
		HideSolutionNode = FALSE
	EndGlobalSection
	GlobalSection(ExtensibilityGlobals) = postSolution
		SolutionGuid = {95132637-B2CF-4C84-BD51-9572607951A6}
	EndGlobalSection
EndGlobal
